
Microsoft Visual Studio Solution File, Format Version 12.00
# Visual Studio Version 16
VisualStudioVersion = 16.0.33130.400
MinimumVisualStudioVersion = 10.0.40219.1
Project("{FAE04EC0-301F-11D3-BF4B-00C04F79EFBC}") = "Etickets_Platform", "Etickets_Platform\Etickets_Platform.csproj", "{A271CB32-FE2E-401F-998B-41D04C134448}"
EndProject
Global
	GlobalSection(SolutionConfigurationPlatforms) = preSolution
		Debug|Any CPU = Debug|Any CPU
		Release|Any CPU = Release|Any CPU
	EndGlobalSection
	GlobalSection(ProjectConfigurationPlatforms) = postSolution
		{A271CB32-FE2E-401F-998B-41D04C134448}.Debug|Any CPU.ActiveCfg = Debug|Any CPU
		{A271CB32-FE2E-401F-998B-41D04C134448}.Debug|Any CPU.Build.0 = Debug|Any CPU
		{A271CB32-FE2E-401F-998B-41D04C134448}.Release|Any CPU.ActiveCfg = Release|Any CPU
		{A271CB32-FE2E-401F-998B-41D04C134448}.Release|Any CPU.Build.0 = Release|Any CPU
	EndGlobalSection
	GlobalSection(SolutionProperties) = preSolution
		HideSolutionNode = FALSE
	EndGlobalSection
	GlobalSection(ExtensibilityGlobals) = postSolution
		SolutionGuid = {552F78FE-F387-4A67-9A69-B077C2D65FBB}
	EndGlobalSection
EndGlobal
